// !$*UTF8*$!
{
	archiveVersion = 1;
	classes = {
	};
	objectVersion = 46;
	objects = {

/* Begin PBXBuildFile section */
		2A2A8F01174705E600D00631 /* UIKit.framework in Frameworks */ = {isa = PBXBuildFile; fileRef = 2A2A8F00174705E600D00631 /* UIKit.framework */; };
		2A2A8F03174705E600D00631 /* Foundation.framework in Frameworks */ = {isa = PBXBuildFile; fileRef = 2A2A8F02174705E600D00631 /* Foundation.framework */; };
		2A2A8F05174705E600D00631 /* CoreGraphics.framework in Frameworks */ = {isa = PBXBuildFile; fileRef = 2A2A8F04174705E600D00631 /* CoreGraphics.framework */; };
		2A2A8F0B174705E600D00631 /* InfoPlist.strings in Resources */ = {isa = PBXBuildFile; fileRef = 2A2A8F09174705E600D00631 /* InfoPlist.strings */; };
		2A2A8F0D174705E600D00631 /* main.m in Sources */ = {isa = PBXBuildFile; fileRef = 2A2A8F0C174705E600D00631 /* main.m */; };
		2A2A8F11174705E600D00631 /* AppDelegate.m in Sources */ = {isa = PBXBuildFile; fileRef = 2A2A8F10174705E600D00631 /* AppDelegate.m */; };
		2A2A8F13174705E600D00631 /* Default.png in Resources */ = {isa = PBXBuildFile; fileRef = 2A2A8F12174705E600D00631 /* Default.png */; };
		2A2A8F15174705E600D00631 /* Default@2x.png in Resources */ = {isa = PBXBuildFile; fileRef = 2A2A8F14174705E600D00631 /* Default@2x.png */; };
		2A2A8F17174705E600D00631 /* Default-568h@2x.png in Resources */ = {isa = PBXBuildFile; fileRef = 2A2A8F16174705E600D00631 /* Default-568h@2x.png */; };
		2A2A8F1F174705E700D00631 /* SenTestingKit.framework in Frameworks */ = {isa = PBXBuildFile; fileRef = 2A2A8F1E174705E700D00631 /* SenTestingKit.framework */; };
		2A2A8F20174705E700D00631 /* UIKit.framework in Frameworks */ = {isa = PBXBuildFile; fileRef = 2A2A8F00174705E600D00631 /* UIKit.framework */; };
		2A2A8F21174705E700D00631 /* Foundation.framework in Frameworks */ = {isa = PBXBuildFile; fileRef = 2A2A8F02174705E600D00631 /* Foundation.framework */; };
		2A2A8F29174705E700D00631 /* InfoPlist.strings in Resources */ = {isa = PBXBuildFile; fileRef = 2A2A8F27174705E700D00631 /* InfoPlist.strings */; };
		2A2A8F2C174705E700D00631 /* THGridMenu_DemoTests.m in Sources */ = {isa = PBXBuildFile; fileRef = 2A2A8F2B174705E700D00631 /* THGridMenu_DemoTests.m */; };
		2A2A8F3A1747060F00D00631 /* THGridMenu.m in Sources */ = {isa = PBXBuildFile; fileRef = 2A2A8F371747060F00D00631 /* THGridMenu.m */; };
		2A2A8F3B1747060F00D00631 /* THGridMenuItem.m in Sources */ = {isa = PBXBuildFile; fileRef = 2A2A8F391747060F00D00631 /* THGridMenuItem.m */; };
		2A2A8F3E174709B600D00631 /* RootViewController.m in Sources */ = {isa = PBXBuildFile; fileRef = 2A2A8F3D174709B600D00631 /* RootViewController.m */; };
		2A2A8F4017470BF500D00631 /* books.plist in Resources */ = {isa = PBXBuildFile; fileRef = 2A2A8F3F17470BF500D00631 /* books.plist */; };
		2A2A8F431747136600D00631 /* THGridMenuItem+BookItem.m in Sources */ = {isa = PBXBuildFile; fileRef = 2A2A8F421747136600D00631 /* THGridMenuItem+BookItem.m */; };
/* End PBXBuildFile section */

/* Begin PBXContainerItemProxy section */
		2A2A8F22174705E700D00631 /* PBXContainerItemProxy */ = {
			isa = PBXContainerItemProxy;
			containerPortal = 2A2A8EF5174705E600D00631 /* Project object */;
			proxyType = 1;
			remoteGlobalIDString = 2A2A8EFC174705E600D00631;
			remoteInfo = "THGridMenu Demo";
		};
/* End PBXContainerItemProxy section */

/* Begin PBXFileReference section */
		2A2A8EFD174705E600D00631 /* THGridMenu Demo.app */ = {isa = PBXFileReference; explicitFileType = wrapper.application; includeInIndex = 0; path = "THGridMenu Demo.app"; sourceTree = BUILT_PRODUCTS_DIR; };
		2A2A8F00174705E600D00631 /* UIKit.framework */ = {isa = PBXFileReference; lastKnownFileType = wrapper.framework; name = UIKit.framework; path = System/Library/Frameworks/UIKit.framework; sourceTree = SDKROOT; };
		2A2A8F02174705E600D00631 /* Foundation.framework */ = {isa = PBXFileReference; lastKnownFileType = wrapper.framework; name = Foundation.framework; path = System/Library/Frameworks/Foundation.framework; sourceTree = SDKROOT; };
		2A2A8F04174705E600D00631 /* CoreGraphics.framework */ = {isa = PBXFileReference; lastKnownFileType = wrapper.framework; name = CoreGraphics.framework; path = System/Library/Frameworks/CoreGraphics.framework; sourceTree = SDKROOT; };
		2A2A8F08174705E600D00631 /* THGridMenu Demo-Info.plist */ = {isa = PBXFileReference; lastKnownFileType = text.plist.xml; path = "THGridMenu Demo-Info.plist"; sourceTree = "<group>"; };
		2A2A8F0A174705E600D00631 /* en */ = {isa = PBXFileReference; lastKnownFileType = text.plist.strings; name = en; path = en.lproj/InfoPlist.strings; sourceTree = "<group>"; };
		2A2A8F0C174705E600D00631 /* main.m */ = {isa = PBXFileReference; lastKnownFileType = sourcecode.c.objc; path = main.m; sourceTree = "<group>"; };
		2A2A8F0E174705E600D00631 /* THGridMenu Demo-Prefix.pch */ = {isa = PBXFileReference; lastKnownFileType = sourcecode.c.h; path = "THGridMenu Demo-Prefix.pch"; sourceTree = "<group>"; };
		2A2A8F0F174705E600D00631 /* AppDelegate.h */ = {isa = PBXFileReference; lastKnownFileType = sourcecode.c.h; path = AppDelegate.h; sourceTree = "<group>"; };
		2A2A8F10174705E600D00631 /* AppDelegate.m */ = {isa = PBXFileReference; lastKnownFileType = sourcecode.c.objc; path = AppDelegate.m; sourceTree = "<group>"; };
		2A2A8F12174705E600D00631 /* Default.png */ = {isa = PBXFileReference; lastKnownFileType = image.png; path = Default.png; sourceTree = "<group>"; };
		2A2A8F14174705E600D00631 /* Default@2x.png */ = {isa = PBXFileReference; lastKnownFileType = image.png; path = "Default@2x.png"; sourceTree = "<group>"; };
		2A2A8F16174705E600D00631 /* Default-568h@2x.png */ = {isa = PBXFileReference; lastKnownFileType = image.png; path = "Default-568h@2x.png"; sourceTree = "<group>"; };
		2A2A8F1D174705E700D00631 /* THGridMenu DemoTests.octest */ = {isa = PBXFileReference; explicitFileType = wrapper.cfbundle; includeInIndex = 0; path = "THGridMenu DemoTests.octest"; sourceTree = BUILT_PRODUCTS_DIR; };
		2A2A8F1E174705E700D00631 /* SenTestingKit.framework */ = {isa = PBXFileReference; lastKnownFileType = wrapper.framework; name = SenTestingKit.framework; path = Library/Frameworks/SenTestingKit.framework; sourceTree = DEVELOPER_DIR; };
		2A2A8F26174705E700D00631 /* THGridMenu DemoTests-Info.plist */ = {isa = PBXFileReference; lastKnownFileType = text.plist.xml; path = "THGridMenu DemoTests-Info.plist"; sourceTree = "<group>"; };
		2A2A8F28174705E700D00631 /* en */ = {isa = PBXFileReference; lastKnownFileType = text.plist.strings; name = en; path = en.lproj/InfoPlist.strings; sourceTree = "<group>"; };
		2A2A8F2A174705E700D00631 /* THGridMenu_DemoTests.h */ = {isa = PBXFileReference; lastKnownFileType = sourcecode.c.h; path = THGridMenu_DemoTests.h; sourceTree = "<group>"; };
		2A2A8F2B174705E700D00631 /* THGridMenu_DemoTests.m */ = {isa = PBXFileReference; lastKnownFileType = sourcecode.c.objc; path = THGridMenu_DemoTests.m; sourceTree = "<group>"; };
		2A2A8F361747060F00D00631 /* THGridMenu.h */ = {isa = PBXFileReference; fileEncoding = 4; lastKnownFileType = sourcecode.c.h; path = THGridMenu.h; sourceTree = "<group>"; };
		2A2A8F371747060F00D00631 /* THGridMenu.m */ = {isa = PBXFileReference; fileEncoding = 4; lastKnownFileType = sourcecode.c.objc; path = THGridMenu.m; sourceTree = "<group>"; };
		2A2A8F381747060F00D00631 /* THGridMenuItem.h */ = {isa = PBXFileReference; fileEncoding = 4; lastKnownFileType = sourcecode.c.h; path = THGridMenuItem.h; sourceTree = "<group>"; };
		2A2A8F391747060F00D00631 /* THGridMenuItem.m */ = {isa = PBXFileReference; fileEncoding = 4; lastKnownFileType = sourcecode.c.objc; path = THGridMenuItem.m; sourceTree = "<group>"; };
		2A2A8F3C174709B600D00631 /* RootViewController.h */ = {isa = PBXFileReference; fileEncoding = 4; lastKnownFileType = sourcecode.c.h; path = RootViewController.h; sourceTree = "<group>"; };
		2A2A8F3D174709B600D00631 /* RootViewController.m */ = {isa = PBXFileReference; fileEncoding = 4; lastKnownFileType = sourcecode.c.objc; path = RootViewController.m; sourceTree = "<group>"; };
		2A2A8F3F17470BF500D00631 /* books.plist */ = {isa = PBXFileReference; fileEncoding = 4; lastKnownFileType = text.plist.xml; path = books.plist; sourceTree = "<group>"; };
		2A2A8F411747136600D00631 /* THGridMenuItem+BookItem.h */ = {isa = PBXFileReference; fileEncoding = 4; lastKnownFileType = sourcecode.c.h; path = "THGridMenuItem+BookItem.h"; sourceTree = "<group>"; };
		2A2A8F421747136600D00631 /* THGridMenuItem+BookItem.m */ = {isa = PBXFileReference; fileEncoding = 4; lastKnownFileType = sourcecode.c.objc; path = "THGridMenuItem+BookItem.m"; sourceTree = "<group>"; };
/* End PBXFileReference section */

/* Begin PBXFrameworksBuildPhase section */
		2A2A8EFA174705E600D00631 /* Frameworks */ = {
			isa = PBXFrameworksBuildPhase;
			buildActionMask = 2147483647;
			files = (
				2A2A8F01174705E600D00631 /* UIKit.framework in Frameworks */,
				2A2A8F03174705E600D00631 /* Foundation.framework in Frameworks */,
				2A2A8F05174705E600D00631 /* CoreGraphics.framework in Frameworks */,
			);
			runOnlyForDeploymentPostprocessing = 0;
		};
		2A2A8F19174705E700D00631 /* Frameworks */ = {
			isa = PBXFrameworksBuildPhase;
			buildActionMask = 2147483647;
			files = (
				2A2A8F1F174705E700D00631 /* SenTestingKit.framework in Frameworks */,
				2A2A8F20174705E700D00631 /* UIKit.framework in Frameworks */,
				2A2A8F21174705E700D00631 /* Foundation.framework in Frameworks */,
			);
			runOnlyForDeploymentPostprocessing = 0;
		};
/* End PBXFrameworksBuildPhase section */

/* Begin PBXGroup section */
		2A2A8EF4174705E600D00631 = {
			isa = PBXGroup;
			children = (
				2A2A8F35174705F400D00631 /* THGridMenu */,
				2A2A8F06174705E600D00631 /* THGridMenu Demo */,
				2A2A8F24174705E700D00631 /* THGridMenu DemoTests */,
				2A2A8EFF174705E600D00631 /* Frameworks */,
				2A2A8EFE174705E600D00631 /* Products */,
			);
			sourceTree = "<group>";
		};
		2A2A8EFE174705E600D00631 /* Products */ = {
			isa = PBXGroup;
			children = (
				2A2A8EFD174705E600D00631 /* THGridMenu Demo.app */,
				2A2A8F1D174705E700D00631 /* THGridMenu DemoTests.octest */,
			);
			name = Products;
			sourceTree = "<group>";
		};
		2A2A8EFF174705E600D00631 /* Frameworks */ = {
			isa = PBXGroup;
			children = (
				2A2A8F00174705E600D00631 /* UIKit.framework */,
				2A2A8F02174705E600D00631 /* Foundation.framework */,
				2A2A8F04174705E600D00631 /* CoreGraphics.framework */,
				2A2A8F1E174705E700D00631 /* SenTestingKit.framework */,
			);
			name = Frameworks;
			sourceTree = "<group>";
		};
		2A2A8F06174705E600D00631 /* THGridMenu Demo */ = {
			isa = PBXGroup;
			children = (
				2A2A8F0F174705E600D00631 /* AppDelegate.h */,
				2A2A8F10174705E600D00631 /* AppDelegate.m */,
				2A2A8F07174705E600D00631 /* Supporting Files */,
				2A2A8F3C174709B600D00631 /* RootViewController.h */,
				2A2A8F3D174709B600D00631 /* RootViewController.m */,
				2A2A8F411747136600D00631 /* THGridMenuItem+BookItem.h */,
				2A2A8F421747136600D00631 /* THGridMenuItem+BookItem.m */,
			);
			path = "THGridMenu Demo";
			sourceTree = "<group>";
		};
		2A2A8F07174705E600D00631 /* Supporting Files */ = {
			isa = PBXGroup;
			children = (
				2A2A8F08174705E600D00631 /* THGridMenu Demo-Info.plist */,
				2A2A8F09174705E600D00631 /* InfoPlist.strings */,
				2A2A8F0C174705E600D00631 /* main.m */,
				2A2A8F0E174705E600D00631 /* THGridMenu Demo-Prefix.pch */,
				2A2A8F12174705E600D00631 /* Default.png */,
				2A2A8F14174705E600D00631 /* Default@2x.png */,
				2A2A8F16174705E600D00631 /* Default-568h@2x.png */,
				2A2A8F3F17470BF500D00631 /* books.plist */,
			);
			name = "Supporting Files";
			sourceTree = "<group>";
		};
		2A2A8F24174705E700D00631 /* THGridMenu DemoTests */ = {
			isa = PBXGroup;
			children = (
				2A2A8F2A174705E700D00631 /* THGridMenu_DemoTests.h */,
				2A2A8F2B174705E700D00631 /* THGridMenu_DemoTests.m */,
				2A2A8F25174705E700D00631 /* Supporting Files */,
			);
			path = "THGridMenu DemoTests";
			sourceTree = "<group>";
		};
		2A2A8F25174705E700D00631 /* Supporting Files */ = {
			isa = PBXGroup;
			children = (
				2A2A8F26174705E700D00631 /* THGridMenu DemoTests-Info.plist */,
				2A2A8F27174705E700D00631 /* InfoPlist.strings */,
			);
			name = "Supporting Files";
			sourceTree = "<group>";
		};
		2A2A8F35174705F400D00631 /* THGridMenu */ = {
			isa = PBXGroup;
			children = (
				2A2A8F361747060F00D00631 /* THGridMenu.h */,
				2A2A8F371747060F00D00631 /* THGridMenu.m */,
				2A2A8F381747060F00D00631 /* THGridMenuItem.h */,
				2A2A8F391747060F00D00631 /* THGridMenuItem.m */,
			);
			name = THGridMenu;
			sourceTree = "<group>";
		};
/* End PBXGroup section */

/* Begin PBXNativeTarget section */
		2A2A8EFC174705E600D00631 /* THGridMenu Demo */ = {
			isa = PBXNativeTarget;
			buildConfigurationList = 2A2A8F2F174705E700D00631 /* Build configuration list for PBXNativeTarget "THGridMenu Demo" */;
			buildPhases = (
				2A2A8EF9174705E600D00631 /* Sources */,
				2A2A8EFA174705E600D00631 /* Frameworks */,
				2A2A8EFB174705E600D00631 /* Resources */,
			);
			buildRules = (
			);
			dependencies = (
			);
			name = "THGridMenu Demo";
			productName = "THGridMenu Demo";
			productReference = 2A2A8EFD174705E600D00631 /* THGridMenu Demo.app */;
			productType = "com.apple.product-type.application";
		};
		2A2A8F1C174705E700D00631 /* THGridMenu DemoTests */ = {
			isa = PBXNativeTarget;
			buildConfigurationList = 2A2A8F32174705E700D00631 /* Build configuration list for PBXNativeTarget "THGridMenu DemoTests" */;
			buildPhases = (
				2A2A8F18174705E700D00631 /* Sources */,
				2A2A8F19174705E700D00631 /* Frameworks */,
				2A2A8F1A174705E700D00631 /* Resources */,
				2A2A8F1B174705E700D00631 /* ShellScript */,
			);
			buildRules = (
			);
			dependencies = (
				2A2A8F23174705E700D00631 /* PBXTargetDependency */,
			);
			name = "THGridMenu DemoTests";
			productName = "THGridMenu DemoTests";
			productReference = 2A2A8F1D174705E700D00631 /* THGridMenu DemoTests.octest */;
			productType = "com.apple.product-type.bundle";
		};
/* End PBXNativeTarget section */

/* Begin PBXProject section */
		2A2A8EF5174705E600D00631 /* Project object */ = {
			isa = PBXProject;
			attributes = {
				LastUpgradeCheck = 0460;
				ORGANIZATIONNAME = "Lone Yeti";
			};
			buildConfigurationList = 2A2A8EF8174705E600D00631 /* Build configuration list for PBXProject "THGridMenu Demo" */;
			compatibilityVersion = "Xcode 3.2";
			developmentRegion = English;
			hasScannedForEncodings = 0;
			knownRegions = (
				en,
			);
			mainGroup = 2A2A8EF4174705E600D00631;
			productRefGroup = 2A2A8EFE174705E600D00631 /* Products */;
			projectDirPath = "";
			projectRoot = "";
			targets = (
				2A2A8EFC174705E600D00631 /* THGridMenu Demo */,
				2A2A8F1C174705E700D00631 /* THGridMenu DemoTests */,
			);
		};
/* End PBXProject section */

/* Begin PBXResourcesBuildPhase section */
		2A2A8EFB174705E600D00631 /* Resources */ = {
			isa = PBXResourcesBuildPhase;
			buildActionMask = 2147483647;
			files = (
				2A2A8F0B174705E600D00631 /* InfoPlist.strings in Resources */,
				2A2A8F13174705E600D00631 /* Default.png in Resources */,
				2A2A8F15174705E600D00631 /* Default@2x.png in Resources */,
				2A2A8F17174705E600D00631 /* Default-568h@2x.png in Resources */,
				2A2A8F4017470BF500D00631 /* books.plist in Resources */,
			);
			runOnlyForDeploymentPostprocessing = 0;
		};
		2A2A8F1A174705E700D00631 /* Resources */ = {
			isa = PBXResourcesBuildPhase;
			buildActionMask = 2147483647;
			files = (
				2A2A8F29174705E700D00631 /* InfoPlist.strings in Resources */,
			);
			runOnlyForDeploymentPostprocessing = 0;
		};
/* End PBXResourcesBuildPhase section */

/* Begin PBXShellScriptBuildPhase section */
		2A2A8F1B174705E700D00631 /* ShellScript */ = {
			isa = PBXShellScriptBuildPhase;
			buildActionMask = 2147483647;
			files = (
			);
			inputPaths = (
			);
			outputPaths = (
			);
			runOnlyForDeploymentPostprocessing = 0;
			shellPath = /bin/sh;
			shellScript = "# Run the unit tests in this test bundle.\n\"${SYSTEM_DEVELOPER_DIR}/Tools/RunUnitTests\"\n";
		};
/* End PBXShellScriptBuildPhase section */

/* Begin PBXSourcesBuildPhase section */
		2A2A8EF9174705E600D00631 /* Sources */ = {
			isa = PBXSourcesBuildPhase;
			buildActionMask = 2147483647;
			files = (
				2A2A8F0D174705E600D00631 /* main.m in Sources */,
				2A2A8F11174705E600D00631 /* AppDelegate.m in Sources */,
				2A2A8F3A1747060F00D00631 /* THGridMenu.m in Sources */,
				2A2A8F3B1747060F00D00631 /* THGridMenuItem.m in Sources */,
				2A2A8F3E174709B600D00631 /* RootViewController.m in Sources */,
				2A2A8F431747136600D00631 /* THGridMenuItem+BookItem.m in Sources */,
			);
			runOnlyForDeploymentPostprocessing = 0;
		};
		2A2A8F18174705E700D00631 /* Sources */ = {
			isa = PBXSourcesBuildPhase;
			buildActionMask = 2147483647;
			files = (
				2A2A8F2C174705E700D00631 /* THGridMenu_DemoTests.m in Sources */,
			);
			runOnlyForDeploymentPostprocessing = 0;
		};
/* End PBXSourcesBuildPhase section */

/* Begin PBXTargetDependency section */
		2A2A8F23174705E700D00631 /* PBXTargetDependency */ = {
			isa = PBXTargetDependency;
			target = 2A2A8EFC174705E600D00631 /* THGridMenu Demo */;
			targetProxy = 2A2A8F22174705E700D00631 /* PBXContainerItemProxy */;
		};
/* End PBXTargetDependency section */

/* Begin PBXVariantGroup section */
		2A2A8F09174705E600D00631 /* InfoPlist.strings */ = {
			isa = PBXVariantGroup;
			children = (
				2A2A8F0A174705E600D00631 /* en */,
			);
			name = InfoPlist.strings;
			sourceTree = "<group>";
		};
		2A2A8F27174705E700D00631 /* InfoPlist.strings */ = {
			isa = PBXVariantGroup;
			children = (
				2A2A8F28174705E700D00631 /* en */,
			);
			name = InfoPlist.strings;
			sourceTree = "<group>";
		};
/* End PBXVariantGroup section */

/* Begin XCBuildConfiguration section */
		2A2A8F2D174705E700D00631 /* Debug */ = {
			isa = XCBuildConfiguration;
			buildSettings = {
				ALWAYS_SEARCH_USER_PATHS = NO;
				CLANG_CXX_LANGUAGE_STANDARD = "gnu++0x";
				CLANG_CXX_LIBRARY = "libc++";
				CLANG_ENABLE_OBJC_ARC = YES;
				CLANG_WARN_CONSTANT_CONVERSION = YES;
				CLANG_WARN_EMPTY_BODY = YES;
				CLANG_WARN_ENUM_CONVERSION = YES;
				CLANG_WARN_INT_CONVERSION = YES;
				CLANG_WARN__DUPLICATE_METHOD_MATCH = YES;
				"CODE_SIGN_IDENTITY[sdk=iphoneos*]" = "iPhone Developer";
				COPY_PHASE_STRIP = NO;
				GCC_C_LANGUAGE_STANDARD = gnu99;
				GCC_DYNAMIC_NO_PIC = NO;
				GCC_OPTIMIZATION_LEVEL = 0;
				GCC_PREPROCESSOR_DEFINITIONS = (
					"DEBUG=1",
					"$(inherited)",
				);
				GCC_SYMBOLS_PRIVATE_EXTERN = NO;
				GCC_WARN_ABOUT_RETURN_TYPE = YES;
				GCC_WARN_UNINITIALIZED_AUTOS = YES;
				GCC_WARN_UNUSED_VARIABLE = YES;
				IPHONEOS_DEPLOYMENT_TARGET = 6.1;
				ONLY_ACTIVE_ARCH = YES;
				SDKROOT = iphoneos;
				TARGETED_DEVICE_FAMILY = "1,2";
			};
			name = Debug;
		};
		2A2A8F2E174705E700D00631 /* Release */ = {
			isa = XCBuildConfiguration;
			buildSettings = {
				ALWAYS_SEARCH_USER_PATHS = NO;
				CLANG_CXX_LANGUAGE_STANDARD = "gnu++0x";
				CLANG_CXX_LIBRARY = "libc++";
				CLANG_ENABLE_OBJC_ARC = YES;
				CLANG_WARN_CONSTANT_CONVERSION = YES;
				CLANG_WARN_EMPTY_BODY = YES;
				CLANG_WARN_ENUM_CONVERSION = YES;
				CLANG_WARN_INT_CONVERSION = YES;
				CLANG_WARN__DUPLICATE_METHOD_MATCH = YES;
				"CODE_SIGN_IDENTITY[sdk=iphoneos*]" = "iPhone Developer";
				COPY_PHASE_STRIP = YES;
				GCC_C_LANGUAGE_STANDARD = gnu99;
				GCC_WARN_ABOUT_RETURN_TYPE = YES;
				GCC_WARN_UNINITIALIZED_AUTOS = YES;
				GCC_WARN_UNUSED_VARIABLE = YES;
				IPHONEOS_DEPLOYMENT_TARGET = 6.1;
				OTHER_CFLAGS = "-DNS_BLOCK_ASSERTIONS=1";
				SDKROOT = iphoneos;
				TARGETED_DEVICE_FAMILY = "1,2";
				VALIDATE_PRODUCT = YES;
			};
			name = Release;
		};
		2A2A8F30174705E700D00631 /* Debug */ = {
			isa = XCBuildConfiguration;
			buildSettings = {
				GCC_PRECOMPILE_PREFIX_HEADER = YES;
				GCC_PREFIX_HEADER = "THGridMenu Demo/THGridMenu Demo-Prefix.pch";
				INFOPLIST_FILE = "THGridMenu Demo/THGridMenu Demo-Info.plist";
				PRODUCT_NAME = "$(TARGET_NAME)";
				WRAPPER_EXTENSION = app;
			};
			name = Debug;
		};
		2A2A8F31174705E700D00631 /* Release */ = {
			isa = XCBuildConfiguration;
			buildSettings = {
				GCC_PRECOMPILE_PREFIX_HEADER = YES;
				GCC_PREFIX_HEADER = "THGridMenu Demo/THGridMenu Demo-Prefix.pch";
				INFOPLIST_FILE = "THGridMenu Demo/THGridMenu Demo-Info.plist";
				PRODUCT_NAME = "$(TARGET_NAME)";
				WRAPPER_EXTENSION = app;
			};
			name = Release;
		};
		2A2A8F33174705E700D00631 /* Debug */ = {
			isa = XCBuildConfiguration;
			buildSettings = {
				BUNDLE_LOADER = "$(BUILT_PRODUCTS_DIR)/THGridMenu Demo.app/THGridMenu Demo";
				FRAMEWORK_SEARCH_PATHS = (
					"\"$(SDKROOT)/Developer/Library/Frameworks\"",
					"\"$(DEVELOPER_LIBRARY_DIR)/Frameworks\"",
				);
				GCC_PRECOMPILE_PREFIX_HEADER = YES;
				GCC_PREFIX_HEADER = "THGridMenu Demo/THGridMenu Demo-Prefix.pch";
				INFOPLIST_FILE = "THGridMenu DemoTests/THGridMenu DemoTests-Info.plist";
				PRODUCT_NAME = "$(TARGET_NAME)";
				TEST_HOST = "$(BUNDLE_LOADER)";
				WRAPPER_EXTENSION = octest;
			};
			name = Debug;
		};
		2A2A8F34174705E700D00631 /* Release */ = {
			isa = XCBuildConfiguration;
			buildSettings = {
				BUNDLE_LOADER = "$(BUILT_PRODUCTS_DIR)/THGridMenu Demo.app/THGridMenu Demo";
				FRAMEWORK_SEARCH_PATHS = (
					"\"$(SDKROOT)/Developer/Library/Frameworks\"",
					"\"$(DEVELOPER_LIBRARY_DIR)/Frameworks\"",
				);
				GCC_PRECOMPILE_PREFIX_HEADER = YES;
				GCC_PREFIX_HEADER = "THGridMenu Demo/THGridMenu Demo-Prefix.pch";
				INFOPLIST_FILE = "THGridMenu DemoTests/THGridMenu DemoTests-Info.plist";
				PRODUCT_NAME = "$(TARGET_NAME)";
				TEST_HOST = "$(BUNDLE_LOADER)";
				WRAPPER_EXTENSION = octest;
			};
			name = Release;
		};
/* End XCBuildConfiguration section */

/* Begin XCConfigurationList section */
		2A2A8EF8174705E600D00631 /* Build configuration list for PBXProject "THGridMenu Demo" */ = {
			isa = XCConfigurationList;
			buildConfigurations = (
				2A2A8F2D174705E700D00631 /* Debug */,
				2A2A8F2E174705E700D00631 /* Release */,
			);
			defaultConfigurationIsVisible = 0;
			defaultConfigurationName = Release;
		};
		2A2A8F2F174705E700D00631 /* Build configuration list for PBXNativeTarget "THGridMenu Demo" */ = {
			isa = XCConfigurationList;
			buildConfigurations = (
				2A2A8F30174705E700D00631 /* Debug */,
				2A2A8F31174705E700D00631 /* Release */,
			);
			defaultConfigurationIsVisible = 0;
		};
		2A2A8F32174705E700D00631 /* Build configuration list for PBXNativeTarget "THGridMenu DemoTests" */ = {
			isa = XCConfigurationList;
			buildConfigurations = (
				2A2A8F33174705E700D00631 /* Debug */,
				2A2A8F34174705E700D00631 /* Release */,
			);
			defaultConfigurationIsVisible = 0;
		};
/* End XCConfigurationList section */
	};
	rootObject = 2A2A8EF5174705E600D00631 /* Project object */;
}
